
Microsoft Visual Studio Solution File, Format Version 12.00
# Visual Studio Version 17
VisualStudioVersion = 17.0.32112.339
MinimumVisualStudioVersion = 10.0.40219.1
Project("{8BC9CEB8-8B4A-11D0-8D11-00A0C91BC942}") = "FileSave", "FileSave\FileSave.vcxproj", "{0ADA59C0-1160-4F79-A169-A8B693CCEB84}"
EndProject
Global
	GlobalSection(SolutionConfigurationPlatforms) = preSolution
		Debug|x64 = Debug|x64
		Debug|x86 = Debug|x86
		Release|x64 = Release|x64
		Release|x86 = Release|x86
	EndGlobalSection
	GlobalSection(ProjectConfigurationPlatforms) = postSolution
		{0ADA59C0-1160-4F79-A169-A8B693CCEB84}.Debug|x64.ActiveCfg = Debug|x64
		{0ADA59C0-1160-4F79-A169-A8B693CCEB84}.Debug|x64.Build.0 = Debug|x64
		{0ADA59C0-1160-4F79-A169-A8B693CCEB84}.Debug|x86.ActiveCfg = Debug|Win32
		{0ADA59C0-1160-4F79-A169-A8B693CCEB84}.Debug|x86.Build.0 = Debug|Win32
		{0ADA59C0-1160-4F79-A169-A8B693CCEB84}.Release|x64.ActiveCfg = Release|x64
		{0ADA59C0-1160-4F79-A169-A8B693CCEB84}.Release|x64.Build.0 = Release|x64
		{0ADA59C0-1160-4F79-A169-A8B693CCEB84}.Release|x86.ActiveCfg = Release|Win32
		{0ADA59C0-1160-4F79-A169-A8B693CCEB84}.Release|x86.Build.0 = Release|Win32
	EndGlobalSection
	GlobalSection(SolutionProperties) = preSolution
		HideSolutionNode = FALSE
	EndGlobalSection
	GlobalSection(ExtensibilityGlobals) = postSolution
		SolutionGuid = {D5D67E1C-B064-4D4F-8963-11A99440AD32}
	EndGlobalSection
EndGlobal
